
Microsoft Visual Studio Solution File, Format Version 12.00
# Visual Studio Version 17
VisualStudioVersion = 17.7.34031.279
MinimumVisualStudioVersion = 10.0.40219.1
Project("{888888A0-9F3D-457C-B088-3A5042F75D52}") = "PythonImageRecognition", "PythonImageRecognition\PythonImageRecognition.pyproj", "{A46FCB2D-E520-41C6-97FD-E483DDCC76DF}"
EndProject
Global
	GlobalSection(SolutionConfigurationPlatforms) = preSolution
		Debug|Any CPU = Debug|Any CPU
		Release|Any CPU = Release|Any CPU
	EndGlobalSection
	GlobalSection(ProjectConfigurationPlatforms) = postSolution
		{A46FCB2D-E520-41C6-97FD-E483DDCC76DF}.Debug|Any CPU.ActiveCfg = Debug|Any CPU
		{A46FCB2D-E520-41C6-97FD-E483DDCC76DF}.Release|Any CPU.ActiveCfg = Release|Any CPU
	EndGlobalSection
	GlobalSection(SolutionProperties) = preSolution
		HideSolutionNode = FALSE
	EndGlobalSection
	GlobalSection(ExtensibilityGlobals) = postSolution
		SolutionGuid = {5487CE13-D6F8-4342-AA31-935D01D274D4}
	EndGlobalSection
EndGlobal
